// !$*UTF8*$!
{
	archiveVersion = 1;
	classes = {
	};
	objectVersion = 56;
	objects = {

/* Begin PBXBuildFile section */
		019BFE3A2A9F0C5000782A07 /* blackcofferApp.swift in Sources */ = {isa = PBXBuildFile; fileRef = 019BFE392A9F0C5000782A07 /* blackcofferApp.swift */; };
		019BFE3C2A9F0C5000782A07 /* ContentView.swift in Sources */ = {isa = PBXBuildFile; fileRef = 019BFE3B2A9F0C5000782A07 /* ContentView.swift */; };
		019BFE3E2A9F0C5100782A07 /* Assets.xcassets in Resources */ = {isa = PBXBuildFile; fileRef = 019BFE3D2A9F0C5100782A07 /* Assets.xcassets */; };
		019BFE412A9F0C5100782A07 /* Preview Assets.xcassets in Resources */ = {isa = PBXBuildFile; fileRef = 019BFE402A9F0C5100782A07 /* Preview Assets.xcassets */; };
		019BFE4B2A9F0C5200782A07 /* blackcofferTests.swift in Sources */ = {isa = PBXBuildFile; fileRef = 019BFE4A2A9F0C5200782A07 /* blackcofferTests.swift */; };
		019BFE552A9F0C5200782A07 /* blackcofferUITests.swift in Sources */ = {isa = PBXBuildFile; fileRef = 019BFE542A9F0C5200782A07 /* blackcofferUITests.swift */; };
		019BFE572A9F0C5200782A07 /* blackcofferUITestsLaunchTests.swift in Sources */ = {isa = PBXBuildFile; fileRef = 019BFE562A9F0C5200782A07 /* blackcofferUITestsLaunchTests.swift */; };
		019BFE642A9F0C6F00782A07 /* refineScreen.swift in Sources */ = {isa = PBXBuildFile; fileRef = 019BFE632A9F0C6F00782A07 /* refineScreen.swift */; };
		019BFE662A9F0C8700782A07 /* exploreScreen.swift in Sources */ = {isa = PBXBuildFile; fileRef = 019BFE652A9F0C8700782A07 /* exploreScreen.swift */; };
		01EB72612AA45FE500BFCD94 /* random.swift in Sources */ = {isa = PBXBuildFile; fileRef = 01EB72602AA45FE500BFCD94 /* random.swift */; };
		01EB72652AA4FE4000BFCD94 /* sideMenu.swift in Sources */ = {isa = PBXBuildFile; fileRef = 01EB72642AA4FE4000BFCD94 /* sideMenu.swift */; };
/* End PBXBuildFile section */

/* Begin PBXContainerItemProxy section */
		019BFE472A9F0C5200782A07 /* PBXContainerItemProxy */ = {
			isa = PBXContainerItemProxy;
			containerPortal = 019BFE2E2A9F0C5000782A07 /* Project object */;
			proxyType = 1;
			remoteGlobalIDString = 019BFE352A9F0C5000782A07;
			remoteInfo = blackcoffer;
		};
		019BFE512A9F0C5200782A07 /* PBXContainerItemProxy */ = {
			isa = PBXContainerItemProxy;
			containerPortal = 019BFE2E2A9F0C5000782A07 /* Project object */;
			proxyType = 1;
			remoteGlobalIDString = 019BFE352A9F0C5000782A07;
			remoteInfo = blackcoffer;
		};
/* End PBXContainerItemProxy section */

/* Begin PBXFileReference section */
		019BFE362A9F0C5000782A07 /* blackcoffer.app */ = {isa = PBXFileReference; explicitFileType = wrapper.application; includeInIndex = 0; path = blackcoffer.app; sourceTree = BUILT_PRODUCTS_DIR; };
		019BFE392A9F0C5000782A07 /* blackcofferApp.swift */ = {isa = PBXFileReference; lastKnownFileType = sourcecode.swift; path = blackcofferApp.swift; sourceTree = "<group>"; };
		019BFE3B2A9F0C5000782A07 /* ContentView.swift */ = {isa = PBXFileReference; lastKnownFileType = sourcecode.swift; path = ContentView.swift; sourceTree = "<group>"; };
		019BFE3D2A9F0C5100782A07 /* Assets.xcassets */ = {isa = PBXFileReference; lastKnownFileType = folder.assetcatalog; path = Assets.xcassets; sourceTree = "<group>"; };
		019BFE402A9F0C5100782A07 /* Preview Assets.xcassets */ = {isa = PBXFileReference; lastKnownFileType = folder.assetcatalog; path = "Preview Assets.xcassets"; sourceTree = "<group>"; };
		019BFE462A9F0C5200782A07 /* blackcofferTests.xctest */ = {isa = PBXFileReference; explicitFileType = wrapper.cfbundle; includeInIndex = 0; path = blackcofferTests.xctest; sourceTree = BUILT_PRODUCTS_DIR; };
		019BFE4A2A9F0C5200782A07 /* blackcofferTests.swift */ = {isa = PBXFileReference; lastKnownFileType = sourcecode.swift; path = blackcofferTests.swift; sourceTree = "<group>"; };
		019BFE502A9F0C5200782A07 /* blackcofferUITests.xctest */ = {isa = PBXFileReference; explicitFileType = wrapper.cfbundle; includeInIndex = 0; path = blackcofferUITests.xctest; sourceTree = BUILT_PRODUCTS_DIR; };
		019BFE542A9F0C5200782A07 /* blackcofferUITests.swift */ = {isa = PBXFileReference; lastKnownFileType = sourcecode.swift; path = blackcofferUITests.swift; sourceTree = "<group>"; };
		019BFE562A9F0C5200782A07 /* blackcofferUITestsLaunchTests.swift */ = {isa = PBXFileReference; lastKnownFileType = sourcecode.swift; path = blackcofferUITestsLaunchTests.swift; sourceTree = "<group>"; };
		019BFE632A9F0C6F00782A07 /* refineScreen.swift */ = {isa = PBXFileReference; lastKnownFileType = sourcecode.swift; path = refineScreen.swift; sourceTree = "<group>"; };
		019BFE652A9F0C8700782A07 /* exploreScreen.swift */ = {isa = PBXFileReference; lastKnownFileType = sourcecode.swift; path = exploreScreen.swift; sourceTree = "<group>"; };
		01EB72602AA45FE500BFCD94 /* random.swift */ = {isa = PBXFileReference; lastKnownFileType = sourcecode.swift; path = random.swift; sourceTree = "<group>"; };
		01EB72642AA4FE4000BFCD94 /* sideMenu.swift */ = {isa = PBXFileReference; lastKnownFileType = sourcecode.swift; path = sideMenu.swift; sourceTree = "<group>"; };
/* End PBXFileReference section */

/* Begin PBXFrameworksBuildPhase section */
		019BFE332A9F0C5000782A07 /* Frameworks */ = {
			isa = PBXFrameworksBuildPhase;
			buildActionMask = 2147483647;
			files = (
			);
			runOnlyForDeploymentPostprocessing = 0;
		};
		019BFE432A9F0C5200782A07 /* Frameworks */ = {
			isa = PBXFrameworksBuildPhase;
			buildActionMask = 2147483647;
			files = (
			);
			runOnlyForDeploymentPostprocessing = 0;
		};
		019BFE4D2A9F0C5200782A07 /* Frameworks */ = {
			isa = PBXFrameworksBuildPhase;
			buildActionMask = 2147483647;
			files = (
			);
			runOnlyForDeploymentPostprocessing = 0;
		};
/* End PBXFrameworksBuildPhase section */

/* Begin PBXGroup section */
		019BFE2D2A9F0C5000782A07 = {
			isa = PBXGroup;
			children = (
				019BFE382A9F0C5000782A07 /* blackcoffer */,
				019BFE492A9F0C5200782A07 /* blackcofferTests */,
				019BFE532A9F0C5200782A07 /* blackcofferUITests */,
				019BFE372A9F0C5000782A07 /* Products */,
			);
			sourceTree = "<group>";
		};
		019BFE372A9F0C5000782A07 /* Products */ = {
			isa = PBXGroup;
			children = (
				019BFE362A9F0C5000782A07 /* blackcoffer.app */,
				019BFE462A9F0C5200782A07 /* blackcofferTests.xctest */,
				019BFE502A9F0C5200782A07 /* blackcofferUITests.xctest */,
			);
			name = Products;
			sourceTree = "<group>";
		};
		019BFE382A9F0C5000782A07 /* blackcoffer */ = {
			isa = PBXGroup;
			children = (
				019BFE392A9F0C5000782A07 /* blackcofferApp.swift */,
				019BFE3B2A9F0C5000782A07 /* ContentView.swift */,
				019BFE652A9F0C8700782A07 /* exploreScreen.swift */,
				019BFE632A9F0C6F00782A07 /* refineScreen.swift */,
				01EB72602AA45FE500BFCD94 /* random.swift */,
				01EB72642AA4FE4000BFCD94 /* sideMenu.swift */,
				019BFE3D2A9F0C5100782A07 /* Assets.xcassets */,
				019BFE3F2A9F0C5100782A07 /* Preview Content */,
			);
			path = blackcoffer;
			sourceTree = "<group>";
		};
		019BFE3F2A9F0C5100782A07 /* Preview Content */ = {
			isa = PBXGroup;
			children = (
				019BFE402A9F0C5100782A07 /* Preview Assets.xcassets */,
			);
			path = "Preview Content";
			sourceTree = "<group>";
		};
		019BFE492A9F0C5200782A07 /* blackcofferTests */ = {
			isa = PBXGroup;
			children = (
				019BFE4A2A9F0C5200782A07 /* blackcofferTests.swift */,
			);
			path = blackcofferTests;
			sourceTree = "<group>";
		};
		019BFE532A9F0C5200782A07 /* blackcofferUITests */ = {
			isa = PBXGroup;
			children = (
				019BFE542A9F0C5200782A07 /* blackcofferUITests.swift */,
				019BFE562A9F0C5200782A07 /* blackcofferUITestsLaunchTests.swift */,
			);
			path = blackcofferUITests;
			sourceTree = "<group>";
		};
/* End PBXGroup section */

/* Begin PBXNativeTarget section */
		019BFE352A9F0C5000782A07 /* blackcoffer */ = {
			isa = PBXNativeTarget;
			buildConfigurationList = 019BFE5A2A9F0C5200782A07 /* Build configuration list for PBXNativeTarget "blackcoffer" */;
			buildPhases = (
				019BFE322A9F0C5000782A07 /* Sources */,
				019BFE332A9F0C5000782A07 /* Frameworks */,
				019BFE342A9F0C5000782A07 /* Resources */,
			);
			buildRules = (
			);
			dependencies = (
			);
			name = blackcoffer;
			productName = blackcoffer;
			productReference = 019BFE362A9F0C5000782A07 /* blackcoffer.app */;
			productType = "com.apple.product-type.application";
		};
		019BFE452A9F0C5200782A07 /* blackcofferTests */ = {
			isa = PBXNativeTarget;
			buildConfigurationList = 019BFE5D2A9F0C5200782A07 /* Build configuration list for PBXNativeTarget "blackcofferTests" */;
			buildPhases = (
				019BFE422A9F0C5200782A07 /* Sources */,
				019BFE432A9F0C5200782A07 /* Frameworks */,
				019BFE442A9F0C5200782A07 /* Resources */,
			);
			buildRules = (
			);
			dependencies = (
				019BFE482A9F0C5200782A07 /* PBXTargetDependency */,
			);
			name = blackcofferTests;
			productName = blackcofferTests;
			productReference = 019BFE462A9F0C5200782A07 /* blackcofferTests.xctest */;
			productType = "com.apple.product-type.bundle.unit-test";
		};
		019BFE4F2A9F0C5200782A07 /* blackcofferUITests */ = {
			isa = PBXNativeTarget;
			buildConfigurationList = 019BFE602A9F0C5200782A07 /* Build configuration list for PBXNativeTarget "blackcofferUITests" */;
			buildPhases = (
				019BFE4C2A9F0C5200782A07 /* Sources */,
				019BFE4D2A9F0C5200782A07 /* Frameworks */,
				019BFE4E2A9F0C5200782A07 /* Resources */,
			);
			buildRules = (
			);
			dependencies = (
				019BFE522A9F0C5200782A07 /* PBXTargetDependency */,
			);
			name = blackcofferUITests;
			productName = blackcofferUITests;
			productReference = 019BFE502A9F0C5200782A07 /* blackcofferUITests.xctest */;
			productType = "com.apple.product-type.bundle.ui-testing";
		};
/* End PBXNativeTarget section */

/* Begin PBXProject section */
		019BFE2E2A9F0C5000782A07 /* Project object */ = {
			isa = PBXProject;
			attributes = {
				BuildIndependentTargetsInParallel = 1;
				LastSwiftUpdateCheck = 1430;
				LastUpgradeCheck = 1430;
				TargetAttributes = {
					019BFE352A9F0C5000782A07 = {
						CreatedOnToolsVersion = 14.3.1;
					};
					019BFE452A9F0C5200782A07 = {
						CreatedOnToolsVersion = 14.3.1;
						TestTargetID = 019BFE352A9F0C5000782A07;
					};
					019BFE4F2A9F0C5200782A07 = {
						CreatedOnToolsVersion = 14.3.1;
						TestTargetID = 019BFE352A9F0C5000782A07;
					};
				};
			};
			buildConfigurationList = 019BFE312A9F0C5000782A07 /* Build configuration list for PBXProject "blackcoffer" */;
			compatibilityVersion = "Xcode 14.0";
			developmentRegion = en;
			hasScannedForEncodings = 0;
			knownRegions = (
				en,
				Base,
			);
			mainGroup = 019BFE2D2A9F0C5000782A07;
			productRefGroup = 019BFE372A9F0C5000782A07 /* Products */;
			projectDirPath = "";
			projectRoot = "";
			targets = (
				019BFE352A9F0C5000782A07 /* blackcoffer */,
				019BFE452A9F0C5200782A07 /* blackcofferTests */,
				019BFE4F2A9F0C5200782A07 /* blackcofferUITests */,
			);
		};
/* End PBXProject section */

/* Begin PBXResourcesBuildPhase section */
		019BFE342A9F0C5000782A07 /* Resources */ = {
			isa = PBXResourcesBuildPhase;
			buildActionMask = 2147483647;
			files = (
				019BFE412A9F0C5100782A07 /* Preview Assets.xcassets in Resources */,
				019BFE3E2A9F0C5100782A07 /* Assets.xcassets in Resources */,
			);
			runOnlyForDeploymentPostprocessing = 0;
		};
		019BFE442A9F0C5200782A07 /* Resources */ = {
			isa = PBXResourcesBuildPhase;
			buildActionMask = 2147483647;
			files = (
			);
			runOnlyForDeploymentPostprocessing = 0;
		};
		019BFE4E2A9F0C5200782A07 /* Resources */ = {
			isa = PBXResourcesBuildPhase;
			buildActionMask = 2147483647;
			files = (
			);
			runOnlyForDeploymentPostprocessing = 0;
		};
/* End PBXResourcesBuildPhase section */

/* Begin PBXSourcesBuildPhase section */
		019BFE322A9F0C5000782A07 /* Sources */ = {
			isa = PBXSourcesBuildPhase;
			buildActionMask = 2147483647;
			files = (
				019BFE3C2A9F0C5000782A07 /* ContentView.swift in Sources */,
				019BFE662A9F0C8700782A07 /* exploreScreen.swift in Sources */,
				019BFE3A2A9F0C5000782A07 /* blackcofferApp.swift in Sources */,
				01EB72612AA45FE500BFCD94 /* random.swift in Sources */,
				019BFE642A9F0C6F00782A07 /* refineScreen.swift in Sources */,
				01EB72652AA4FE4000BFCD94 /* sideMenu.swift in Sources */,
			);
			runOnlyForDeploymentPostprocessing = 0;
		};
		019BFE422A9F0C5200782A07 /* Sources */ = {
			isa = PBXSourcesBuildPhase;
			buildActionMask = 2147483647;
			files = (
				019BFE4B2A9F0C5200782A07 /* blackcofferTests.swift in Sources */,
			);
			runOnlyForDeploymentPostprocessing = 0;
		};
		019BFE4C2A9F0C5200782A07 /* Sources */ = {
			isa = PBXSourcesBuildPhase;
			buildActionMask = 2147483647;
			files = (
				019BFE552A9F0C5200782A07 /* blackcofferUITests.swift in Sources */,
				019BFE572A9F0C5200782A07 /* blackcofferUITestsLaunchTests.swift in Sources */,
			);
			runOnlyForDeploymentPostprocessing = 0;
		};
/* End PBXSourcesBuildPhase section */

/* Begin PBXTargetDependency section */
		019BFE482A9F0C5200782A07 /* PBXTargetDependency */ = {
			isa = PBXTargetDependency;
			target = 019BFE352A9F0C5000782A07 /* blackcoffer */;
			targetProxy = 019BFE472A9F0C5200782A07 /* PBXContainerItemProxy */;
		};
		019BFE522A9F0C5200782A07 /* PBXTargetDependency */ = {
			isa = PBXTargetDependency;
			target = 019BFE352A9F0C5000782A07 /* blackcoffer */;
			targetProxy = 019BFE512A9F0C5200782A07 /* PBXContainerItemProxy */;
		};
/* End PBXTargetDependency section */

/* Begin XCBuildConfiguration section */
		019BFE582A9F0C5200782A07 /* Debug */ = {
			isa = XCBuildConfiguration;
			buildSettings = {
				ALWAYS_SEARCH_USER_PATHS = NO;
				CLANG_ANALYZER_NONNULL = YES;
				CLANG_ANALYZER_NUMBER_OBJECT_CONVERSION = YES_AGGRESSIVE;
				CLANG_CXX_LANGUAGE_STANDARD = "gnu++20";
				CLANG_ENABLE_MODULES = YES;
				CLANG_ENABLE_OBJC_ARC = YES;
				CLANG_ENABLE_OBJC_WEAK = YES;
				CLANG_WARN_BLOCK_CAPTURE_AUTORELEASING = YES;
				CLANG_WARN_BOOL_CONVERSION = YES;
				CLANG_WARN_COMMA = YES;
				CLANG_WARN_CONSTANT_CONVERSION = YES;
				CLANG_WARN_DEPRECATED_OBJC_IMPLEMENTATIONS = YES;
				CLANG_WARN_DIRECT_OBJC_ISA_USAGE = YES_ERROR;
				CLANG_WARN_DOCUMENTATION_COMMENTS = YES;
				CLANG_WARN_EMPTY_BODY = YES;
				CLANG_WARN_ENUM_CONVERSION = YES;
				CLANG_WARN_INFINITE_RECURSION = YES;
				CLANG_WARN_INT_CONVERSION = YES;
				CLANG_WARN_NON_LITERAL_NULL_CONVERSION = YES;
				CLANG_WARN_OBJC_IMPLICIT_RETAIN_SELF = YES;
				CLANG_WARN_OBJC_LITERAL_CONVERSION = YES;
				CLANG_WARN_OBJC_ROOT_CLASS = YES_ERROR;
				CLANG_WARN_QUOTED_INCLUDE_IN_FRAMEWORK_HEADER = YES;
				CLANG_WARN_RANGE_LOOP_ANALYSIS = YES;
				CLANG_WARN_STRICT_PROTOTYPES = YES;
				CLANG_WARN_SUSPICIOUS_MOVE = YES;
				CLANG_WARN_UNGUARDED_AVAILABILITY = YES_AGGRESSIVE;
				CLANG_WARN_UNREACHABLE_CODE = YES;
				CLANG_WARN__DUPLICATE_METHOD_MATCH = YES;
				COPY_PHASE_STRIP = NO;
				DEBUG_INFORMATION_FORMAT = dwarf;
				ENABLE_STRICT_OBJC_MSGSEND = YES;
				ENABLE_TESTABILITY = YES;
				GCC_C_LANGUAGE_STANDARD = gnu11;
				GCC_DYNAMIC_NO_PIC = NO;
				GCC_NO_COMMON_BLOCKS = YES;
				GCC_OPTIMIZATION_LEVEL = 0;
				GCC_PREPROCESSOR_DEFINITIONS = (
					"DEBUG=1",
					"$(inherited)",
				);
				GCC_WARN_64_TO_32_BIT_CONVERSION = YES;
				GCC_WARN_ABOUT_RETURN_TYPE = YES_ERROR;
				GCC_WARN_UNDECLARED_SELECTOR = YES;
				GCC_WARN_UNINITIALIZED_AUTOS = YES_AGGRESSIVE;
				GCC_WARN_UNUSED_FUNCTION = YES;
				GCC_WARN_UNUSED_VARIABLE = YES;
				IPHONEOS_DEPLOYMENT_TARGET = 16.4;
				MTL_ENABLE_DEBUG_INFO = INCLUDE_SOURCE;
				MTL_FAST_MATH = YES;
				ONLY_ACTIVE_ARCH = YES;
				SDKROOT = iphoneos;
				SWIFT_ACTIVE_COMPILATION_CONDITIONS = DEBUG;
				SWIFT_OPTIMIZATION_LEVEL = "-Onone";
			};
			name = Debug;
		};
		019BFE592A9F0C5200782A07 /* Release */ = {
			isa = XCBuildConfiguration;
			buildSettings = {
				ALWAYS_SEARCH_USER_PATHS = NO;
				CLANG_ANALYZER_NONNULL = YES;
				CLANG_ANALYZER_NUMBER_OBJECT_CONVERSION = YES_AGGRESSIVE;
				CLANG_CXX_LANGUAGE_STANDARD = "gnu++20";
				CLANG_ENABLE_MODULES = YES;
				CLANG_ENABLE_OBJC_ARC = YES;
				CLANG_ENABLE_OBJC_WEAK = YES;
				CLANG_WARN_BLOCK_CAPTURE_AUTORELEASING = YES;
				CLANG_WARN_BOOL_CONVERSION = YES;
				CLANG_WARN_COMMA = YES;
				CLANG_WARN_CONSTANT_CONVERSION = YES;
				CLANG_WARN_DEPRECATED_OBJC_IMPLEMENTATIONS = YES;
				CLANG_WARN_DIRECT_OBJC_ISA_USAGE = YES_ERROR;
				CLANG_WARN_DOCUMENTATION_COMMENTS = YES;
				CLANG_WARN_EMPTY_BODY = YES;
				CLANG_WARN_ENUM_CONVERSION = YES;
				CLANG_WARN_INFINITE_RECURSION = YES;
				CLANG_WARN_INT_CONVERSION = YES;
				CLANG_WARN_NON_LITERAL_NULL_CONVERSION = YES;
				CLANG_WARN_OBJC_IMPLICIT_RETAIN_SELF = YES;
				CLANG_WARN_OBJC_LITERAL_CONVERSION = YES;
				CLANG_WARN_OBJC_ROOT_CLASS = YES_ERROR;
				CLANG_WARN_QUOTED_INCLUDE_IN_FRAMEWORK_HEADER = YES;
				CLANG_WARN_RANGE_LOOP_ANALYSIS = YES;
				CLANG_WARN_STRICT_PROTOTYPES = YES;
				CLANG_WARN_SUSPICIOUS_MOVE = YES;
				CLANG_WARN_UNGUARDED_AVAILABILITY = YES_AGGRESSIVE;
				CLANG_WARN_UNREACHABLE_CODE = YES;
				CLANG_WARN__DUPLICATE_METHOD_MATCH = YES;
				COPY_PHASE_STRIP = NO;
				DEBUG_INFORMATION_FORMAT = "dwarf-with-dsym";
				ENABLE_NS_ASSERTIONS = NO;
				ENABLE_STRICT_OBJC_MSGSEND = YES;
				GCC_C_LANGUAGE_STANDARD = gnu11;
				GCC_NO_COMMON_BLOCKS = YES;
				GCC_WARN_64_TO_32_BIT_CONVERSION = YES;
				GCC_WARN_ABOUT_RETURN_TYPE = YES_ERROR;
				GCC_WARN_UNDECLARED_SELECTOR = YES;
				GCC_WARN_UNINITIALIZED_AUTOS = YES_AGGRESSIVE;
				GCC_WARN_UNUSED_FUNCTION = YES;
				GCC_WARN_UNUSED_VARIABLE = YES;
				IPHONEOS_DEPLOYMENT_TARGET = 16.4;
				MTL_ENABLE_DEBUG_INFO = NO;
				MTL_FAST_MATH = YES;
				SDKROOT = iphoneos;
				SWIFT_COMPILATION_MODE = wholemodule;
				SWIFT_OPTIMIZATION_LEVEL = "-O";
				VALIDATE_PRODUCT = YES;
			};
			name = Release;
		};
		019BFE5B2A9F0C5200782A07 /* Debug */ = {
			isa = XCBuildConfiguration;
			buildSettings = {
				ASSETCATALOG_COMPILER_APPICON_NAME = AppIcon;
				ASSETCATALOG_COMPILER_GLOBAL_ACCENT_COLOR_NAME = AccentColor;
				CODE_SIGN_STYLE = Automatic;
				CURRENT_PROJECT_VERSION = 1;
				DEVELOPMENT_ASSET_PATHS = "\"blackcoffer/Preview Content\"";
				DEVELOPMENT_TEAM = 26C5J7XY45;
				ENABLE_PREVIEWS = YES;
				GENERATE_INFOPLIST_FILE = YES;
				INFOPLIST_KEY_UIApplicationSceneManifest_Generation = YES;
				INFOPLIST_KEY_UIApplicationSupportsIndirectInputEvents = YES;
				INFOPLIST_KEY_UILaunchScreen_Generation = YES;
				INFOPLIST_KEY_UISupportedInterfaceOrientations_iPad = "UIInterfaceOrientationPortrait UIInterfaceOrientationPortraitUpsideDown UIInterfaceOrientationLandscapeLeft UIInterfaceOrientationLandscapeRight";
				INFOPLIST_KEY_UISupportedInterfaceOrientations_iPhone = "UIInterfaceOrientationPortrait UIInterfaceOrientationLandscapeLeft UIInterfaceOrientationLandscapeRight";
				LD_RUNPATH_SEARCH_PATHS = (
					"$(inherited)",
					"@executable_path/Frameworks",
				);
				MARKETING_VERSION = 1.0;
				PRODUCT_BUNDLE_IDENTIFIER = h.blackcoffer;
				PRODUCT_NAME = "$(TARGET_NAME)";
				SWIFT_EMIT_LOC_STRINGS = YES;
				SWIFT_VERSION = 5.0;
				TARGETED_DEVICE_FAMILY = "1,2";
			};
			name = Debug;
		};
		019BFE5C2A9F0C5200782A07 /* Release */ = {
			isa = XCBuildConfiguration;
			buildSettings = {
				ASSETCATALOG_COMPILER_APPICON_NAME = AppIcon;
				ASSETCATALOG_COMPILER_GLOBAL_ACCENT_COLOR_NAME = AccentColor;
				CODE_SIGN_STYLE = Automatic;
				CURRENT_PROJECT_VERSION = 1;
				DEVELOPMENT_ASSET_PATHS = "\"blackcoffer/Preview Content\"";
				DEVELOPMENT_TEAM = 26C5J7XY45;
				ENABLE_PREVIEWS = YES;
				GENERATE_INFOPLIST_FILE = YES;
				INFOPLIST_KEY_UIApplicationSceneManifest_Generation = YES;
				INFOPLIST_KEY_UIApplicationSupportsIndirectInputEvents = YES;
				INFOPLIST_KEY_UILaunchScreen_Generation = YES;
				INFOPLIST_KEY_UISupportedInterfaceOrientations_iPad = "UIInterfaceOrientationPortrait UIInterfaceOrientationPortraitUpsideDown UIInterfaceOrientationLandscapeLeft UIInterfaceOrientationLandscapeRight";
				INFOPLIST_KEY_UISupportedInterfaceOrientations_iPhone = "UIInterfaceOrientationPortrait UIInterfaceOrientationLandscapeLeft UIInterfaceOrientationLandscapeRight";
				LD_RUNPATH_SEARCH_PATHS = (
					"$(inherited)",
					"@executable_path/Frameworks",
				);
				MARKETING_VERSION = 1.0;
				PRODUCT_BUNDLE_IDENTIFIER = h.blackcoffer;
				PRODUCT_NAME = "$(TARGET_NAME)";
				SWIFT_EMIT_LOC_STRINGS = YES;
				SWIFT_VERSION = 5.0;
				TARGETED_DEVICE_FAMILY = "1,2";
			};
			name = Release;
		};
		019BFE5E2A9F0C5200782A07 /* Debug */ = {
			isa = XCBuildConfiguration;
			buildSettings = {
				ALWAYS_EMBED_SWIFT_STANDARD_LIBRARIES = YES;
				BUNDLE_LOADER = "$(TEST_HOST)";
				CODE_SIGN_STYLE = Automatic;
				CURRENT_PROJECT_VERSION = 1;
				DEVELOPMENT_TEAM = 26C5J7XY45;
				GENERATE_INFOPLIST_FILE = YES;
				IPHONEOS_DEPLOYMENT_TARGET = 16.4;
				MARKETING_VERSION = 1.0;
				PRODUCT_BUNDLE_IDENTIFIER = h.blackcofferTests;
				PRODUCT_NAME = "$(TARGET_NAME)";
				SWIFT_EMIT_LOC_STRINGS = NO;
				SWIFT_VERSION = 5.0;
				TARGETED_DEVICE_FAMILY = "1,2";
				TEST_HOST = "$(BUILT_PRODUCTS_DIR)/blackcoffer.app/$(BUNDLE_EXECUTABLE_FOLDER_PATH)/blackcoffer";
			};
			name = Debug;
		};
		019BFE5F2A9F0C5200782A07 /* Release */ = {
			isa = XCBuildConfiguration;
			buildSettings = {
				ALWAYS_EMBED_SWIFT_STANDARD_LIBRARIES = YES;
				BUNDLE_LOADER = "$(TEST_HOST)";
				CODE_SIGN_STYLE = Automatic;
				CURRENT_PROJECT_VERSION = 1;
				DEVELOPMENT_TEAM = 26C5J7XY45;
				GENERATE_INFOPLIST_FILE = YES;
				IPHONEOS_DEPLOYMENT_TARGET = 16.4;
				MARKETING_VERSION = 1.0;
				PRODUCT_BUNDLE_IDENTIFIER = h.blackcofferTests;
				PRODUCT_NAME = "$(TARGET_NAME)";
				SWIFT_EMIT_LOC_STRINGS = NO;
				SWIFT_VERSION = 5.0;
				TARGETED_DEVICE_FAMILY = "1,2";
				TEST_HOST = "$(BUILT_PRODUCTS_DIR)/blackcoffer.app/$(BUNDLE_EXECUTABLE_FOLDER_PATH)/blackcoffer";
			};
			name = Release;
		};
		019BFE612A9F0C5200782A07 /* Debug */ = {
			isa = XCBuildConfiguration;
			buildSettings = {
				ALWAYS_EMBED_SWIFT_STANDARD_LIBRARIES = YES;
				CODE_SIGN_STYLE = Automatic;
				CURRENT_PROJECT_VERSION = 1;
				DEVELOPMENT_TEAM = 26C5J7XY45;
				GENERATE_INFOPLIST_FILE = YES;
				MARKETING_VERSION = 1.0;
				PRODUCT_BUNDLE_IDENTIFIER = h.blackcofferUITests;
				PRODUCT_NAME = "$(TARGET_NAME)";
				SWIFT_EMIT_LOC_STRINGS = NO;
				SWIFT_VERSION = 5.0;
				TARGETED_DEVICE_FAMILY = "1,2";
				TEST_TARGET_NAME = blackcoffer;
			};
			name = Debug;
		};
		019BFE622A9F0C5200782A07 /* Release */ = {
			isa = XCBuildConfiguration;
			buildSettings = {
				ALWAYS_EMBED_SWIFT_STANDARD_LIBRARIES = YES;
				CODE_SIGN_STYLE = Automatic;
				CURRENT_PROJECT_VERSION = 1;
				DEVELOPMENT_TEAM = 26C5J7XY45;
				GENERATE_INFOPLIST_FILE = YES;
				MARKETING_VERSION = 1.0;
				PRODUCT_BUNDLE_IDENTIFIER = h.blackcofferUITests;
				PRODUCT_NAME = "$(TARGET_NAME)";
				SWIFT_EMIT_LOC_STRINGS = NO;
				SWIFT_VERSION = 5.0;
				TARGETED_DEVICE_FAMILY = "1,2";
				TEST_TARGET_NAME = blackcoffer;
			};
			name = Release;
		};
/* End XCBuildConfiguration section */

/* Begin XCConfigurationList section */
		019BFE312A9F0C5000782A07 /* Build configuration list for PBXProject "blackcoffer" */ = {
			isa = XCConfigurationList;
			buildConfigurations = (
				019BFE582A9F0C5200782A07 /* Debug */,
				019BFE592A9F0C5200782A07 /* Release */,
			);
			defaultConfigurationIsVisible = 0;
			defaultConfigurationName = Release;
		};
		019BFE5A2A9F0C5200782A07 /* Build configuration list for PBXNativeTarget "blackcoffer" */ = {
			isa = XCConfigurationList;
			buildConfigurations = (
				019BFE5B2A9F0C5200782A07 /* Debug */,
				019BFE5C2A9F0C5200782A07 /* Release */,
			);
			defaultConfigurationIsVisible = 0;
			defaultConfigurationName = Release;
		};
		019BFE5D2A9F0C5200782A07 /* Build configuration list for PBXNativeTarget "blackcofferTests" */ = {
			isa = XCConfigurationList;
			buildConfigurations = (
				019BFE5E2A9F0C5200782A07 /* Debug */,
				019BFE5F2A9F0C5200782A07 /* Release */,
			);
			defaultConfigurationIsVisible = 0;
			defaultConfigurationName = Release;
		};
		019BFE602A9F0C5200782A07 /* Build configuration list for PBXNativeTarget "blackcofferUITests" */ = {
			isa = XCConfigurationList;
			buildConfigurations = (
				019BFE612A9F0C5200782A07 /* Debug */,
				019BFE622A9F0C5200782A07 /* Release */,
			);
			defaultConfigurationIsVisible = 0;
			defaultConfigurationName = Release;
		};
/* End XCConfigurationList section */
	};
	rootObject = 019BFE2E2A9F0C5000782A07 /* Project object */;
}
